
Microsoft Visual Studio Solution File, Format Version 12.00
# Visual Studio Version 16
VisualStudioVersion = 16.0.31025.194
MinimumVisualStudioVersion = 10.0.40219.1
Project("{FAE04EC0-301F-11D3-BF4B-00C04F79EFBC}") = "FunctionAppOpenHack", "FunctionAppOpenHack.csproj", "{5586FFBF-4557-4755-BD1A-CD5967683897}"
EndProject
Global
	GlobalSection(SolutionConfigurationPlatforms) = preSolution
		Debug|Any CPU = Debug|Any CPU
		Release|Any CPU = Release|Any CPU
	EndGlobalSection
	GlobalSection(ProjectConfigurationPlatforms) = postSolution
		{5586FFBF-4557-4755-BD1A-CD5967683897}.Debug|Any CPU.ActiveCfg = Debug|Any CPU
		{5586FFBF-4557-4755-BD1A-CD5967683897}.Debug|Any CPU.Build.0 = Debug|Any CPU
		{5586FFBF-4557-4755-BD1A-CD5967683897}.Release|Any CPU.ActiveCfg = Release|Any CPU
		{5586FFBF-4557-4755-BD1A-CD5967683897}.Release|Any CPU.Build.0 = Release|Any CPU
	EndGlobalSection
	GlobalSection(SolutionProperties) = preSolution
		HideSolutionNode = FALSE
	EndGlobalSection
	GlobalSection(ExtensibilityGlobals) = postSolution
		SolutionGuid = {0064B4EF-C9E3-43A9-B682-18755E0AB7AE}
	EndGlobalSection
EndGlobal
